// !$*UTF8*$!
{
	archiveVersion = 1;
	classes = {};
	objectVersion = 77;
	objects = {

/* Begin PBXBuildFile section */
		A10000000000000000000001 /* ShowcaseCounter.swift in Sources */ = {isa = PBXBuildFile; fileRef = A20000000000000000000001 /* ShowcaseCounter.swift */; };
		A10000000000000000000002 /* iOS AppDelegate.swift in Sources */ = {isa = PBXBuildFile; fileRef = A20000000000000000000002 /* iOS AppDelegate.swift */; };
		A10000000000000000000003 /* PrismUI in Frameworks */ = {isa = PBXBuildFile; productRef = A50000000000000000000001 /* PrismUI */; };
		A10000000000000000000004 /* ShowcaseCounter.swift in Sources */ = {isa = PBXBuildFile; fileRef = A20000000000000000000001 /* ShowcaseCounter.swift */; };
		A10000000000000000000005 /* macOS AppDelegate.swift in Sources */ = {isa = PBXBuildFile; fileRef = A20000000000000000000003 /* macOS AppDelegate.swift */; };
		A10000000000000000000006 /* PrismUI in Frameworks */ = {isa = PBXBuildFile; productRef = A50000000000000000000002 /* PrismUI */; };
		A10000000000000000000007 /* iOS UI tests in Sources */ = {isa = PBXBuildFile; fileRef = A20000000000000000000004 /* ShowcaseLaunchUITests.swift */; };
		A10000000000000000000008 /* macOS UI tests in Sources */ = {isa = PBXBuildFile; fileRef = A20000000000000000000004 /* ShowcaseLaunchUITests.swift */; };
		A10000000000000000000009 /* ShowcaseCounter.swift in Sources */ = {isa = PBXBuildFile; fileRef = A20000000000000000000001 /* ShowcaseCounter.swift */; };
		A10000000000000000000010 /* ShowcaseCounterTests.swift in Sources */ = {isa = PBXBuildFile; fileRef = A20000000000000000000009 /* ShowcaseCounterTests.swift */; };
		A10000000000000000000011 /* PrismUI in Frameworks */ = {isa = PBXBuildFile; productRef = A50000000000000000000003 /* PrismUI */; };
		A10000000000000000000012 /* ShowcaseThemePresets.swift in Sources */ = {isa = PBXBuildFile; fileRef = A20000000000000000000011 /* ShowcaseThemePresets.swift */; };
		A10000000000000000000013 /* ShowcaseThemePresets.swift in Sources */ = {isa = PBXBuildFile; fileRef = A20000000000000000000011 /* ShowcaseThemePresets.swift */; };
		A10000000000000000000014 /* ShowcaseThemePresets.swift in Sources */ = {isa = PBXBuildFile; fileRef = A20000000000000000000011 /* ShowcaseThemePresets.swift */; };
		A10000000000000000000015 /* ShowcaseThemeTests.swift in Sources */ = {isa = PBXBuildFile; fileRef = A20000000000000000000012 /* ShowcaseThemeTests.swift */; };
		A10000000000000000000021 /* ShowcaseNavigation.swift in Sources */ = {isa = PBXBuildFile; fileRef = A20000000000000000000021 /* ShowcaseNavigation.swift */; };
		A10000000000000000000022 /* ShowcaseNavigation.swift in Sources */ = {isa = PBXBuildFile; fileRef = A20000000000000000000021 /* ShowcaseNavigation.swift */; };
		A10000000000000000000023 /* ShowcaseNavigation.swift in Sources */ = {isa = PBXBuildFile; fileRef = A20000000000000000000021 /* ShowcaseNavigation.swift */; };
		A10000000000000000000024 /* ShowcaseScreens.swift in Sources */ = {isa = PBXBuildFile; fileRef = A20000000000000000000022 /* ShowcaseScreens.swift */; };
		A10000000000000000000025 /* ShowcaseScreens.swift in Sources */ = {isa = PBXBuildFile; fileRef = A20000000000000000000022 /* ShowcaseScreens.swift */; };
		A10000000000000000000026 /* ShowcaseScreens.swift in Sources */ = {isa = PBXBuildFile; fileRef = A20000000000000000000022 /* ShowcaseScreens.swift */; };
		A10000000000000000000027 /* ShowcaseNavigationTests.swift in Sources */ = {isa = PBXBuildFile; fileRef = A20000000000000000000023 /* ShowcaseNavigationTests.swift */; };
		A10000000000000000000028 /* ShowcaseExampleStore.swift in Sources */ = {isa = PBXBuildFile; fileRef = A20000000000000000000024 /* ShowcaseExampleStore.swift */; };
		A10000000000000000000029 /* ShowcaseExampleStore.swift in Sources */ = {isa = PBXBuildFile; fileRef = A20000000000000000000024 /* ShowcaseExampleStore.swift */; };
		A10000000000000000000030 /* ShowcaseExampleStore.swift in Sources */ = {isa = PBXBuildFile; fileRef = A20000000000000000000024 /* ShowcaseExampleStore.swift */; };
		A10000000000000000000031 /* ShowcaseRegistryTests.swift in Sources */ = {isa = PBXBuildFile; fileRef = A20000000000000000000025 /* ShowcaseRegistryTests.swift */; };
/* End PBXBuildFile section */

/* Begin PBXContainerItemProxy section */
		A70000000000000000000001 = {isa = PBXContainerItemProxy; containerPortal = A90000000000000000000001 /* Project object */; proxyType = 1; remoteGlobalIDString = A30000000000000000000001; remoteInfo = "PrismShowcase-iOS"; };
		A70000000000000000000002 = {isa = PBXContainerItemProxy; containerPortal = A90000000000000000000001 /* Project object */; proxyType = 1; remoteGlobalIDString = A30000000000000000000002; remoteInfo = "PrismShowcase-macOS"; };
/* End PBXContainerItemProxy section */

/* Begin PBXFileReference section */
		A20000000000000000000001 /* ShowcaseCounter.swift */ = {isa = PBXFileReference; lastKnownFileType = sourcecode.swift; path = ShowcaseCounter.swift; sourceTree = "<group>"; };
		A20000000000000000000002 /* iOS AppDelegate.swift */ = {isa = PBXFileReference; lastKnownFileType = sourcecode.swift; path = AppDelegate.swift; sourceTree = "<group>"; };
		A20000000000000000000003 /* macOS AppDelegate.swift */ = {isa = PBXFileReference; lastKnownFileType = sourcecode.swift; path = AppDelegate.swift; sourceTree = "<group>"; };
		A20000000000000000000004 /* ShowcaseLaunchUITests.swift */ = {isa = PBXFileReference; lastKnownFileType = sourcecode.swift; path = ShowcaseLaunchUITests.swift; sourceTree = "<group>"; };
		A20000000000000000000009 /* ShowcaseCounterTests.swift */ = {isa = PBXFileReference; lastKnownFileType = sourcecode.swift; path = ShowcaseCounterTests.swift; sourceTree = "<group>"; };
		A20000000000000000000011 /* ShowcaseThemePresets.swift */ = {isa = PBXFileReference; lastKnownFileType = sourcecode.swift; path = ShowcaseThemePresets.swift; sourceTree = "<group>"; };
		A20000000000000000000012 /* ShowcaseThemeTests.swift */ = {isa = PBXFileReference; lastKnownFileType = sourcecode.swift; path = ShowcaseThemeTests.swift; sourceTree = "<group>"; };
		A20000000000000000000021 /* ShowcaseNavigation.swift */ = {isa = PBXFileReference; lastKnownFileType = sourcecode.swift; path = ShowcaseNavigation.swift; sourceTree = "<group>"; };
		A20000000000000000000022 /* ShowcaseScreens.swift */ = {isa = PBXFileReference; lastKnownFileType = sourcecode.swift; path = ShowcaseScreens.swift; sourceTree = "<group>"; };
		A20000000000000000000023 /* ShowcaseNavigationTests.swift */ = {isa = PBXFileReference; lastKnownFileType = sourcecode.swift; path = ShowcaseNavigationTests.swift; sourceTree = "<group>"; };
		A20000000000000000000024 /* ShowcaseExampleStore.swift */ = {isa = PBXFileReference; lastKnownFileType = sourcecode.swift; path = ShowcaseExampleStore.swift; sourceTree = "<group>"; };
		A20000000000000000000025 /* ShowcaseRegistryTests.swift */ = {isa = PBXFileReference; lastKnownFileType = sourcecode.swift; path = ShowcaseRegistryTests.swift; sourceTree = "<group>"; };
		A20000000000000000000005 /* PrismShowcase-iOS.app */ = {isa = PBXFileReference; explicitFileType = wrapper.application; includeInIndex = 0; path = "PrismShowcase-iOS.app"; sourceTree = BUILT_PRODUCTS_DIR; };
		A20000000000000000000006 /* PrismShowcase-macOS.app */ = {isa = PBXFileReference; explicitFileType = wrapper.application; includeInIndex = 0; path = "PrismShowcase-macOS.app"; sourceTree = BUILT_PRODUCTS_DIR; };
		A20000000000000000000007 /* PrismShowcase-iOSUITests.xctest */ = {isa = PBXFileReference; explicitFileType = wrapper.cfbundle; includeInIndex = 0; path = "PrismShowcase-iOSUITests.xctest"; sourceTree = BUILT_PRODUCTS_DIR; };
		A20000000000000000000008 /* PrismShowcase-macOSUITests.xctest */ = {isa = PBXFileReference; explicitFileType = wrapper.cfbundle; includeInIndex = 0; path = "PrismShowcase-macOSUITests.xctest"; sourceTree = BUILT_PRODUCTS_DIR; };
		A20000000000000000000010 /* PrismShowcase-macOSTests.xctest */ = {isa = PBXFileReference; explicitFileType = wrapper.cfbundle; includeInIndex = 0; path = "PrismShowcase-macOSTests.xctest"; sourceTree = BUILT_PRODUCTS_DIR; };
/* End PBXFileReference section */

/* Begin PBXFrameworksBuildPhase section */
		A40000000000000000000001 = {isa = PBXFrameworksBuildPhase; buildActionMask = 2147483647; files = (A10000000000000000000003 /* PrismUI in Frameworks */,); runOnlyForDeploymentPostprocessing = 0; };
		A40000000000000000000002 = {isa = PBXFrameworksBuildPhase; buildActionMask = 2147483647; files = (A10000000000000000000006 /* PrismUI in Frameworks */,); runOnlyForDeploymentPostprocessing = 0; };
		A40000000000000000000003 = {isa = PBXFrameworksBuildPhase; buildActionMask = 2147483647; files = (); runOnlyForDeploymentPostprocessing = 0; };
		A40000000000000000000004 = {isa = PBXFrameworksBuildPhase; buildActionMask = 2147483647; files = (); runOnlyForDeploymentPostprocessing = 0; };
		A40000000000000000000005 = {isa = PBXFrameworksBuildPhase; buildActionMask = 2147483647; files = (A10000000000000000000011 /* PrismUI in Frameworks */,); runOnlyForDeploymentPostprocessing = 0; };
/* End PBXFrameworksBuildPhase section */

/* Begin PBXGroup section */
		A60000000000000000000001 = {isa = PBXGroup; children = (A60000000000000000000002 /* Shared */, A60000000000000000000003 /* iOS */, A60000000000000000000004 /* macOS */, A60000000000000000000005 /* UITests */, A60000000000000000000007 /* Tests */, A60000000000000000000006 /* Products */,); sourceTree = "<group>"; };
		A60000000000000000000002 = {isa = PBXGroup; children = (A20000000000000000000001 /* ShowcaseCounter.swift */, A20000000000000000000011 /* ShowcaseThemePresets.swift */, A20000000000000000000021 /* ShowcaseNavigation.swift */, A20000000000000000000022 /* ShowcaseScreens.swift */, A20000000000000000000024 /* ShowcaseExampleStore.swift */,); path = Shared; sourceTree = "<group>"; };
		A60000000000000000000003 = {isa = PBXGroup; children = (A20000000000000000000002 /* iOS AppDelegate.swift */,); path = iOS; sourceTree = "<group>"; };
		A60000000000000000000004 = {isa = PBXGroup; children = (A20000000000000000000003 /* macOS AppDelegate.swift */,); path = macOS; sourceTree = "<group>"; };
		A60000000000000000000005 = {isa = PBXGroup; children = (A20000000000000000000004 /* ShowcaseLaunchUITests.swift */,); path = UITests; sourceTree = "<group>"; };
		A60000000000000000000007 = {isa = PBXGroup; children = (A20000000000000000000009 /* ShowcaseCounterTests.swift */, A20000000000000000000012 /* ShowcaseThemeTests.swift */, A20000000000000000000023 /* ShowcaseNavigationTests.swift */, A20000000000000000000025 /* ShowcaseRegistryTests.swift */,); path = Tests; sourceTree = "<group>"; };
		A60000000000000000000006 = {isa = PBXGroup; children = (A20000000000000000000005 /* PrismShowcase-iOS.app */, A20000000000000000000006 /* PrismShowcase-macOS.app */, A20000000000000000000007 /* PrismShowcase-iOSUITests.xctest */, A20000000000000000000008 /* PrismShowcase-macOSUITests.xctest */, A20000000000000000000010 /* PrismShowcase-macOSTests.xctest */,); name = Products; sourceTree = "<group>"; };
/* End PBXGroup section */

/* Begin PBXNativeTarget section */
		A30000000000000000000001 = {isa = PBXNativeTarget; buildConfigurationList = A80000000000000000000001; buildPhases = (A40000000000000000000001, A11000000000000000000001,); buildRules = (); dependencies = (); name = "PrismShowcase-iOS"; packageProductDependencies = (A50000000000000000000001 /* PrismUI */,); productName = "PrismShowcase-iOS"; productReference = A20000000000000000000005 /* PrismShowcase-iOS.app */; productType = "com.apple.product-type.application"; };
		A30000000000000000000002 = {isa = PBXNativeTarget; buildConfigurationList = A80000000000000000000002; buildPhases = (A40000000000000000000002, A11000000000000000000002,); buildRules = (); dependencies = (); name = "PrismShowcase-macOS"; packageProductDependencies = (A50000000000000000000002 /* PrismUI */,); productName = "PrismShowcase-macOS"; productReference = A20000000000000000000006 /* PrismShowcase-macOS.app */; productType = "com.apple.product-type.application"; };
		A30000000000000000000003 = {isa = PBXNativeTarget; buildConfigurationList = A80000000000000000000003; buildPhases = (A40000000000000000000003, A11000000000000000000003,); buildRules = (); dependencies = (A12000000000000000000001,); name = "PrismShowcase-iOSUITests"; productName = "PrismShowcase-iOSUITests"; productReference = A20000000000000000000007 /* PrismShowcase-iOSUITests.xctest */; productType = "com.apple.product-type.bundle.ui-testing"; };
		A30000000000000000000004 = {isa = PBXNativeTarget; buildConfigurationList = A80000000000000000000004; buildPhases = (A40000000000000000000004, A11000000000000000000004,); buildRules = (); dependencies = (A12000000000000000000002,); name = "PrismShowcase-macOSUITests"; productName = "PrismShowcase-macOSUITests"; productReference = A20000000000000000000008 /* PrismShowcase-macOSUITests.xctest */; productType = "com.apple.product-type.bundle.ui-testing"; };
		A30000000000000000000005 = {isa = PBXNativeTarget; buildConfigurationList = A80000000000000000000006; buildPhases = (A40000000000000000000005, A11000000000000000000005,); buildRules = (); dependencies = (); name = "PrismShowcase-macOSTests"; packageProductDependencies = (A50000000000000000000003 /* PrismUI */,); productName = "PrismShowcase-macOSTests"; productReference = A20000000000000000000010 /* PrismShowcase-macOSTests.xctest */; productType = "com.apple.product-type.bundle.unit-test"; };
/* End PBXNativeTarget section */

/* Begin PBXProject section */
		A90000000000000000000001 /* Project object */ = {isa = PBXProject; attributes = { LastSwiftUpdateCheck = 2660; LastUpgradeCheck = 2660; TargetAttributes = { A30000000000000000000001 = { CreatedOnToolsVersion = 26.6; }; A30000000000000000000002 = { CreatedOnToolsVersion = 26.6; }; }; }; buildConfigurationList = A80000000000000000000005; compatibilityVersion = "Xcode 16.0"; developmentRegion = en; hasScannedForEncodings = 0; knownRegions = (en, Base,); mainGroup = A60000000000000000000001; packageReferences = (A13000000000000000000001 /* Prism */,); productRefGroup = A60000000000000000000006 /* Products */; projectDirPath = ""; projectRoot = ""; targets = (A30000000000000000000001, A30000000000000000000002, A30000000000000000000003, A30000000000000000000004, A30000000000000000000005,); };
/* End PBXProject section */

/* Begin PBXShellScriptBuildPhase section */
/* End PBXShellScriptBuildPhase section */

/* Begin PBXSourcesBuildPhase section */
		A11000000000000000000001 = {isa = PBXSourcesBuildPhase; buildActionMask = 2147483647; files = (A10000000000000000000001 /* ShowcaseCounter.swift in Sources */, A10000000000000000000012 /* ShowcaseThemePresets.swift in Sources */, A10000000000000000000021 /* ShowcaseNavigation.swift in Sources */, A10000000000000000000024 /* ShowcaseScreens.swift in Sources */, A10000000000000000000028 /* ShowcaseExampleStore.swift in Sources */, A10000000000000000000002 /* iOS AppDelegate.swift in Sources */,); runOnlyForDeploymentPostprocessing = 0; };
		A11000000000000000000002 = {isa = PBXSourcesBuildPhase; buildActionMask = 2147483647; files = (A10000000000000000000004 /* ShowcaseCounter.swift in Sources */, A10000000000000000000013 /* ShowcaseThemePresets.swift in Sources */, A10000000000000000000022 /* ShowcaseNavigation.swift in Sources */, A10000000000000000000025 /* ShowcaseScreens.swift in Sources */, A10000000000000000000029 /* ShowcaseExampleStore.swift in Sources */, A10000000000000000000005 /* macOS AppDelegate.swift in Sources */,); runOnlyForDeploymentPostprocessing = 0; };
		A11000000000000000000003 = {isa = PBXSourcesBuildPhase; buildActionMask = 2147483647; files = (A10000000000000000000007 /* iOS UI tests in Sources */,); runOnlyForDeploymentPostprocessing = 0; };
		A11000000000000000000004 = {isa = PBXSourcesBuildPhase; buildActionMask = 2147483647; files = (A10000000000000000000008 /* macOS UI tests in Sources */,); runOnlyForDeploymentPostprocessing = 0; };
		A11000000000000000000005 = {isa = PBXSourcesBuildPhase; buildActionMask = 2147483647; files = (A10000000000000000000009 /* ShowcaseCounter.swift in Sources */, A10000000000000000000014 /* ShowcaseThemePresets.swift in Sources */, A10000000000000000000023 /* ShowcaseNavigation.swift in Sources */, A10000000000000000000026 /* ShowcaseScreens.swift in Sources */, A10000000000000000000030 /* ShowcaseExampleStore.swift in Sources */, A10000000000000000000010 /* ShowcaseCounterTests.swift in Sources */, A10000000000000000000015 /* ShowcaseThemeTests.swift in Sources */, A10000000000000000000027 /* ShowcaseNavigationTests.swift in Sources */, A10000000000000000000031 /* ShowcaseRegistryTests.swift in Sources */,); runOnlyForDeploymentPostprocessing = 0; };
/* End PBXSourcesBuildPhase section */

/* Begin PBXTargetDependency section */
		A12000000000000000000001 = {isa = PBXTargetDependency; target = A30000000000000000000001 /* PrismShowcase-iOS */; targetProxy = A70000000000000000000001; };
		A12000000000000000000002 = {isa = PBXTargetDependency; target = A30000000000000000000002 /* PrismShowcase-macOS */; targetProxy = A70000000000000000000002; };
/* End PBXTargetDependency section */

/* Begin XCBuildConfiguration section */
		A14000000000000000000001 = {isa = XCBuildConfiguration; buildSettings = { CLANG_ENABLE_MODULES = YES; CODE_SIGNING_ALLOWED = NO; ONLY_ACTIVE_ARCH = YES; SWIFT_VERSION = 5.0; }; name = Debug; };
		A14000000000000000000002 = {isa = XCBuildConfiguration; buildSettings = { CLANG_ENABLE_MODULES = YES; CODE_SIGNING_ALLOWED = NO; SWIFT_VERSION = 5.0; }; name = Release; };
		A14000000000000000000003 = {isa = XCBuildConfiguration; buildSettings = { ASSETCATALOG_COMPILER_APPICON_NAME = ""; CODE_SIGNING_ALLOWED = NO; GENERATE_INFOPLIST_FILE = YES; INFOPLIST_KEY_UISceneManifest_Generation = YES; IPHONEOS_DEPLOYMENT_TARGET = 16.0; ONLY_ACTIVE_ARCH = YES; PRODUCT_BUNDLE_IDENTIFIER = com.resoul.PrismShowcase.iOS; PRODUCT_NAME = "$(TARGET_NAME)"; SDKROOT = iphoneos; SWIFT_VERSION = 5.0; TARGETED_DEVICE_FAMILY = "1,2"; }; name = Debug; };
		A14000000000000000000004 = {isa = XCBuildConfiguration; buildSettings = { ASSETCATALOG_COMPILER_APPICON_NAME = ""; CODE_SIGNING_ALLOWED = NO; GENERATE_INFOPLIST_FILE = YES; INFOPLIST_KEY_UISceneManifest_Generation = YES; IPHONEOS_DEPLOYMENT_TARGET = 16.0; PRODUCT_BUNDLE_IDENTIFIER = com.resoul.PrismShowcase.iOS; PRODUCT_NAME = "$(TARGET_NAME)"; SDKROOT = iphoneos; SWIFT_VERSION = 5.0; TARGETED_DEVICE_FAMILY = "1,2"; }; name = Release; };
		A14000000000000000000005 = {isa = XCBuildConfiguration; buildSettings = { CODE_SIGNING_ALLOWED = NO; GENERATE_INFOPLIST_FILE = YES; INFOPLIST_KEY_NSPrincipalClass = NSApplication; MACOSX_DEPLOYMENT_TARGET = 14.0; ONLY_ACTIVE_ARCH = YES; PRODUCT_BUNDLE_IDENTIFIER = com.resoul.PrismShowcase.macOS; PRODUCT_NAME = "$(TARGET_NAME)"; SDKROOT = macosx; SWIFT_VERSION = 5.0; }; name = Debug; };
		A14000000000000000000006 = {isa = XCBuildConfiguration; buildSettings = { CODE_SIGNING_ALLOWED = NO; GENERATE_INFOPLIST_FILE = YES; INFOPLIST_KEY_NSPrincipalClass = NSApplication; MACOSX_DEPLOYMENT_TARGET = 14.0; PRODUCT_BUNDLE_IDENTIFIER = com.resoul.PrismShowcase.macOS; PRODUCT_NAME = "$(TARGET_NAME)"; SDKROOT = macosx; SWIFT_VERSION = 5.0; }; name = Release; };
		A14000000000000000000007 = {isa = XCBuildConfiguration; buildSettings = { CODE_SIGNING_ALLOWED = NO; IPHONEOS_DEPLOYMENT_TARGET = 16.0; ONLY_ACTIVE_ARCH = YES; PRODUCT_BUNDLE_IDENTIFIER = com.resoul.PrismShowcase.iOSUITests; PRODUCT_MODULE_NAME = PrismShowcase_iOSUITests; PRODUCT_NAME = "$(TARGET_NAME)"; SWIFT_VERSION = 5.0; TEST_TARGET_NAME = "PrismShowcase-iOS"; }; name = Debug; };
		A14000000000000000000008 = {isa = XCBuildConfiguration; buildSettings = { CODE_SIGNING_ALLOWED = NO; IPHONEOS_DEPLOYMENT_TARGET = 16.0; PRODUCT_BUNDLE_IDENTIFIER = com.resoul.PrismShowcase.iOSUITests; PRODUCT_MODULE_NAME = PrismShowcase_iOSUITests; PRODUCT_NAME = "$(TARGET_NAME)"; SWIFT_VERSION = 5.0; TEST_TARGET_NAME = "PrismShowcase-iOS"; }; name = Release; };
		A14000000000000000000009 = {isa = XCBuildConfiguration; buildSettings = { CODE_SIGNING_ALLOWED = NO; MACOSX_DEPLOYMENT_TARGET = 14.0; ONLY_ACTIVE_ARCH = YES; PRODUCT_BUNDLE_IDENTIFIER = com.resoul.PrismShowcase.macOSUITests; PRODUCT_MODULE_NAME = PrismShowcase_macOSUITests; PRODUCT_NAME = "$(TARGET_NAME)"; SWIFT_VERSION = 5.0; TEST_TARGET_NAME = "PrismShowcase-macOS"; }; name = Debug; };
		A14000000000000000000010 = {isa = XCBuildConfiguration; buildSettings = { CODE_SIGNING_ALLOWED = NO; MACOSX_DEPLOYMENT_TARGET = 14.0; PRODUCT_BUNDLE_IDENTIFIER = com.resoul.PrismShowcase.macOSUITests; PRODUCT_MODULE_NAME = PrismShowcase_macOSUITests; PRODUCT_NAME = "$(TARGET_NAME)"; SWIFT_VERSION = 5.0; TEST_TARGET_NAME = "PrismShowcase-macOS"; }; name = Release; };
		A14000000000000000000011 = {isa = XCBuildConfiguration; buildSettings = { CODE_SIGNING_ALLOWED = NO; MACOSX_DEPLOYMENT_TARGET = 14.0; ONLY_ACTIVE_ARCH = YES; PRODUCT_BUNDLE_IDENTIFIER = com.resoul.PrismShowcase.macOSTests; PRODUCT_MODULE_NAME = PrismShowcase_macOSTests; PRODUCT_NAME = "$(TARGET_NAME)"; SWIFT_VERSION = 5.0; }; name = Debug; };
		A14000000000000000000012 = {isa = XCBuildConfiguration; buildSettings = { CODE_SIGNING_ALLOWED = NO; MACOSX_DEPLOYMENT_TARGET = 14.0; PRODUCT_BUNDLE_IDENTIFIER = com.resoul.PrismShowcase.macOSTests; PRODUCT_MODULE_NAME = PrismShowcase_macOSTests; PRODUCT_NAME = "$(TARGET_NAME)"; SWIFT_VERSION = 5.0; }; name = Release; };
/* End XCBuildConfiguration section */

/* Begin XCConfigurationList section */
		A80000000000000000000001 = {isa = XCConfigurationList; buildConfigurations = (A14000000000000000000003, A14000000000000000000004,); defaultConfigurationIsVisible = 0; defaultConfigurationName = Release; };
		A80000000000000000000002 = {isa = XCConfigurationList; buildConfigurations = (A14000000000000000000005, A14000000000000000000006,); defaultConfigurationIsVisible = 0; defaultConfigurationName = Release; };
		A80000000000000000000003 = {isa = XCConfigurationList; buildConfigurations = (A14000000000000000000007, A14000000000000000000008,); defaultConfigurationIsVisible = 0; defaultConfigurationName = Release; };
		A80000000000000000000004 = {isa = XCConfigurationList; buildConfigurations = (A14000000000000000000009, A14000000000000000000010,); defaultConfigurationIsVisible = 0; defaultConfigurationName = Release; };
		A80000000000000000000005 = {isa = XCConfigurationList; buildConfigurations = (A14000000000000000000001, A14000000000000000000002,); defaultConfigurationIsVisible = 0; defaultConfigurationName = Release; };
		A80000000000000000000006 = {isa = XCConfigurationList; buildConfigurations = (A14000000000000000000011, A14000000000000000000012,); defaultConfigurationIsVisible = 0; defaultConfigurationName = Release; };
/* End XCConfigurationList section */

/* Begin XCLocalSwiftPackageReference section */
		A13000000000000000000001 /* Prism */ = {isa = XCLocalSwiftPackageReference; relativePath = ../..; };
/* End XCLocalSwiftPackageReference section */

/* Begin XCSwiftPackageProductDependency section */
		A50000000000000000000001 /* PrismUI */ = {isa = XCSwiftPackageProductDependency; package = A13000000000000000000001 /* Prism */; productName = PrismUI; };
		A50000000000000000000002 /* PrismUI */ = {isa = XCSwiftPackageProductDependency; package = A13000000000000000000001 /* Prism */; productName = PrismUI; };
		A50000000000000000000003 /* PrismUI */ = {isa = XCSwiftPackageProductDependency; package = A13000000000000000000001 /* Prism */; productName = PrismUI; };
/* End XCSwiftPackageProductDependency section */
	};
	rootObject = A90000000000000000000001 /* Project object */;
}
